{
  "name": "JQSupervision",
  "version": "0.0.1",
  "lockfileVersion": 1,
  "requires": true,
  "dependencies": {
    "react-native-tree-select": {
      "version": "2.0.9",
      "resolved": "https://registry.npm.taobao.org/react-native-tree-select/download/react-native-tree-select-2.0.9.tgz",
      "integrity": "sha1-bDqpwKy9zSc9lgLcqvaBzwg1Tzw="
    }
  }
}
